
Microsoft Visual Studio Solution File, Format Version 12.00
Project("{FAE04EC0-301F-11D3-BF4B-00C04F79EFBC}") = "bra_reint_API", "bra_reint_API\bra_reint_API.csproj", "{7368E0E2-BCA2-459F-A92E-B1CC9D159679}"
EndProject
Global
	GlobalSection(SolutionConfigurationPlatforms) = preSolution
		Debug|Any CPU = Debug|Any CPU
		Release|Any CPU = Release|Any CPU
	EndGlobalSection
	GlobalSection(ProjectConfigurationPlatforms) = postSolution
		{7368E0E2-BCA2-459F-A92E-B1CC9D159679}.Debug|Any CPU.ActiveCfg = Debug|Any CPU
		{7368E0E2-BCA2-459F-A92E-B1CC9D159679}.Debug|Any CPU.Build.0 = Debug|Any CPU
		{7368E0E2-BCA2-459F-A92E-B1CC9D159679}.Release|Any CPU.ActiveCfg = Release|Any CPU
		{7368E0E2-BCA2-459F-A92E-B1CC9D159679}.Release|Any CPU.Build.0 = Release|Any CPU
	EndGlobalSection
EndGlobal
